// !$*UTF8*$!
{
	archiveVersion = 1;
	classes = {
	};
	objectVersion = 56;
	objects = {

/* Begin PBXBuildFile section */
		867581852943A5820037266C /* AppDelegate.swift in Sources */ = {isa = PBXBuildFile; fileRef = 867581842943A5820037266C /* AppDelegate.swift */; };
		867581892943A5820037266C /* ViewController.swift in Sources */ = {isa = PBXBuildFile; fileRef = 867581882943A5820037266C /* ViewController.swift */; };
		8675818E2943A5830037266C /* Assets.xcassets in Resources */ = {isa = PBXBuildFile; fileRef = 8675818D2943A5830037266C /* Assets.xcassets */; };
		CE0959782A7021A000003F21 /* Poppins-Bold.ttf in Resources */ = {isa = PBXBuildFile; fileRef = CE0959772A7021A000003F21 /* Poppins-Bold.ttf */; };
		CE09597A2A7021AA00003F21 /* Poppins-Regular.ttf in Resources */ = {isa = PBXBuildFile; fileRef = CE0959792A7021AA00003F21 /* Poppins-Regular.ttf */; };
		CE0959A12A70585E00003F21 /* Networking.framework in Frameworks */ = {isa = PBXBuildFile; fileRef = 867581E02943A8D00037266C /* Networking.framework */; };
		CE0959A22A70585E00003F21 /* Networking.framework in Embed Frameworks */ = {isa = PBXBuildFile; fileRef = 867581E02943A8D00037266C /* Networking.framework */; settings = {ATTRIBUTES = (CodeSignOnCopy, RemoveHeadersOnCopy, ); }; };
		CE2857B82A80F9FD006C8009 /* Profile.framework in Frameworks */ = {isa = PBXBuildFile; fileRef = CE2857B02A80F8A9006C8009 /* Profile.framework */; };
		CE2857B92A80F9FD006C8009 /* Profile.framework in Embed Frameworks */ = {isa = PBXBuildFile; fileRef = CE2857B02A80F8A9006C8009 /* Profile.framework */; settings = {ATTRIBUTES = (CodeSignOnCopy, RemoveHeadersOnCopy, ); }; };
		CE5B9C192A707F94009EAD12 /* Roboto-Regular.ttf in Resources */ = {isa = PBXBuildFile; fileRef = CE5B9C152A707F94009EAD12 /* Roboto-Regular.ttf */; };
		CE8516FA2A7BE0F200CA9300 /* Poppins-SemiBold.ttf in Resources */ = {isa = PBXBuildFile; fileRef = CE8516F52A7BE0F100CA9300 /* Poppins-SemiBold.ttf */; };
		CE89E87D2A7940FD00C610CD /* Boards.framework in Frameworks */ = {isa = PBXBuildFile; fileRef = CEE45C012A78079E003A253C /* Boards.framework */; };
		CE8B78F92AA877A7009D43C5 /* Color.framework in Frameworks */ = {isa = PBXBuildFile; fileRef = CED4CE9F2AA7151800F19EDC /* Color.framework */; };
		CE8B78FA2AA877A7009D43C5 /* Color.framework in Embed Frameworks */ = {isa = PBXBuildFile; fileRef = CED4CE9F2AA7151800F19EDC /* Color.framework */; settings = {ATTRIBUTES = (CodeSignOnCopy, RemoveHeadersOnCopy, ); }; };
		CE8B79042AA877E6009D43C5 /* SnapKit in Frameworks */ = {isa = PBXBuildFile; productRef = CE8B79032AA877E6009D43C5 /* SnapKit */; };
		CE8B79072AA8781B009D43C5 /* Alamofire in Frameworks */ = {isa = PBXBuildFile; productRef = CE8B79062AA8781B009D43C5 /* Alamofire */; };
		CE9FCDE32A83A0BE002F42D8 /* TabBarController.swift in Sources */ = {isa = PBXBuildFile; fileRef = CE9FCDE22A83A0BE002F42D8 /* TabBarController.swift */; };
		CEAD3DF22A7016B100DFB8E3 /* Login.framework in Frameworks */ = {isa = PBXBuildFile; fileRef = 867582062943AC700037266C /* Login.framework */; };
		CEAD3DF32A7016B100DFB8E3 /* Login.framework in Embed Frameworks */ = {isa = PBXBuildFile; fileRef = 867582062943AC700037266C /* Login.framework */; settings = {ATTRIBUTES = (CodeSignOnCopy, RemoveHeadersOnCopy, ); }; };
		CEC00C3E2AAA1E8A0088867F /* Tasks.framework in Frameworks */ = {isa = PBXBuildFile; fileRef = CE1571782A8F9007008413A5 /* Tasks.framework */; };
		CEC00C3F2AAA1E8A0088867F /* Tasks.framework in Embed Frameworks */ = {isa = PBXBuildFile; fileRef = CE1571782A8F9007008413A5 /* Tasks.framework */; settings = {ATTRIBUTES = (CodeSignOnCopy, RemoveHeadersOnCopy, ); }; };
		CED220A82AE003FE00579D64 /* Notify.framework in Frameworks */ = {isa = PBXBuildFile; fileRef = CED220A52AE003DF00579D64 /* Notify.framework */; };
		CED220A92AE003FE00579D64 /* Notify.framework in Embed Frameworks */ = {isa = PBXBuildFile; fileRef = CED220A52AE003DF00579D64 /* Notify.framework */; settings = {ATTRIBUTES = (CodeSignOnCopy, RemoveHeadersOnCopy, ); }; };
		CEE45C042A7906A9003A253C /* Boards.framework in Frameworks */ = {isa = PBXBuildFile; fileRef = CEE45C012A78079E003A253C /* Boards.framework */; };
		CEE45C052A7906A9003A253C /* Boards.framework in Embed Frameworks */ = {isa = PBXBuildFile; fileRef = CEE45C012A78079E003A253C /* Boards.framework */; settings = {ATTRIBUTES = (CodeSignOnCopy, RemoveHeadersOnCopy, ); }; };
/* End PBXBuildFile section */

/* Begin PBXContainerItemProxy section */
		86416F062943BF4200958825 /* PBXContainerItemProxy */ = {
			isa = PBXContainerItemProxy;
			containerPortal = 8675823A2943B3480037266C /* Domain.xcodeproj */;
			proxyType = 2;
			remoteGlobalIDString = 8675822E2943B3480037266C;
			remoteInfo = Domain;
		};
		867581DF2943A8D00037266C /* PBXContainerItemProxy */ = {
			isa = PBXContainerItemProxy;
			containerPortal = 867581DB2943A8D00037266C /* Networking.xcodeproj */;
			proxyType = 2;
			remoteGlobalIDString = 867581CF2943A8D00037266C;
			remoteInfo = Networking;
		};
		867582052943AC700037266C /* PBXContainerItemProxy */ = {
			isa = PBXContainerItemProxy;
			containerPortal = 867582012943AC6F0037266C /* Login.xcodeproj */;
			proxyType = 2;
			remoteGlobalIDString = 867581F52943AC6F0037266C;
			remoteInfo = Login;
		};
		CE1571772A8F9007008413A5 /* PBXContainerItemProxy */ = {
			isa = PBXContainerItemProxy;
			containerPortal = CE15716E2A8F9007008413A5 /* Tasks.xcodeproj */;
			proxyType = 2;
			remoteGlobalIDString = CE1571642A8F9007008413A5;
			remoteInfo = Tasks;
		};
		CE2857AF2A80F8A9006C8009 /* PBXContainerItemProxy */ = {
			isa = PBXContainerItemProxy;
			containerPortal = CE2857AB2A80F8A9006C8009 /* Profile.xcodeproj */;
			proxyType = 2;
			remoteGlobalIDString = CE2857A12A80F8A9006C8009;
			remoteInfo = Profile;
		};
		CED220A42AE003DF00579D64 /* PBXContainerItemProxy */ = {
			isa = PBXContainerItemProxy;
			containerPortal = CED220A02AE003DF00579D64 /* Notify.xcodeproj */;
			proxyType = 2;
			remoteGlobalIDString = CED220962AE003DF00579D64;
			remoteInfo = Notify;
		};
		CED4CE9E2AA7151800F19EDC /* PBXContainerItemProxy */ = {
			isa = PBXContainerItemProxy;
			containerPortal = CED4CE9A2AA7151800F19EDC /* Color.xcodeproj */;
			proxyType = 2;
			remoteGlobalIDString = CED4CE902AA7151800F19EDC;
			remoteInfo = Color;
		};
		CED4CEC52AA7182200F19EDC /* PBXContainerItemProxy */ = {
			isa = PBXContainerItemProxy;
			containerPortal = CED4CEC12AA7182200F19EDC /* Font.xcodeproj */;
			proxyType = 2;
			remoteGlobalIDString = CED4CEB72AA7182200F19EDC;
			remoteInfo = Font;
		};
		CEE45C002A78079E003A253C /* PBXContainerItemProxy */ = {
			isa = PBXContainerItemProxy;
			containerPortal = CEE45BFC2A78079E003A253C /* Boards.xcodeproj */;
			proxyType = 2;
			remoteGlobalIDString = CEE45BF22A78079E003A253C;
			remoteInfo = Boards;
		};
/* End PBXContainerItemProxy section */

/* Begin PBXCopyFilesBuildPhase section */
		CEAD3DF42A7016B100DFB8E3 /* Embed Frameworks */ = {
			isa = PBXCopyFilesBuildPhase;
			buildActionMask = 2147483647;
			dstPath = "";
			dstSubfolderSpec = 10;
			files = (
				CE0959A22A70585E00003F21 /* Networking.framework in Embed Frameworks */,
				CEAD3DF32A7016B100DFB8E3 /* Login.framework in Embed Frameworks */,
				CED220A92AE003FE00579D64 /* Notify.framework in Embed Frameworks */,
				CE2857B92A80F9FD006C8009 /* Profile.framework in Embed Frameworks */,
				CEE45C052A7906A9003A253C /* Boards.framework in Embed Frameworks */,
				CE8B78FA2AA877A7009D43C5 /* Color.framework in Embed Frameworks */,
				CEC00C3F2AAA1E8A0088867F /* Tasks.framework in Embed Frameworks */,
			);
			name = "Embed Frameworks";
			runOnlyForDeploymentPostprocessing = 0;
		};
/* End PBXCopyFilesBuildPhase section */

/* Begin PBXFileReference section */
		867581812943A5820037266C /* Full Time.app */ = {isa = PBXFileReference; explicitFileType = wrapper.application; includeInIndex = 0; path = "Full Time.app"; sourceTree = BUILT_PRODUCTS_DIR; };
		867581842943A5820037266C /* AppDelegate.swift */ = {isa = PBXFileReference; lastKnownFileType = sourcecode.swift; path = AppDelegate.swift; sourceTree = "<group>"; };
		867581882943A5820037266C /* ViewController.swift */ = {isa = PBXFileReference; lastKnownFileType = sourcecode.swift; path = ViewController.swift; sourceTree = "<group>"; };
		8675818D2943A5830037266C /* Assets.xcassets */ = {isa = PBXFileReference; lastKnownFileType = folder.assetcatalog; path = Assets.xcassets; sourceTree = "<group>"; };
		867581922943A5830037266C /* Info.plist */ = {isa = PBXFileReference; lastKnownFileType = text.plist.xml; path = Info.plist; sourceTree = "<group>"; };
		867581DB2943A8D00037266C /* Networking.xcodeproj */ = {isa = PBXFileReference; lastKnownFileType = "wrapper.pb-project"; name = Networking.xcodeproj; path = Networking/Networking.xcodeproj; sourceTree = SOURCE_ROOT; };
		867582012943AC6F0037266C /* Login.xcodeproj */ = {isa = PBXFileReference; lastKnownFileType = "wrapper.pb-project"; name = Login.xcodeproj; path = Login/Login.xcodeproj; sourceTree = SOURCE_ROOT; };
		8675823A2943B3480037266C /* Domain.xcodeproj */ = {isa = PBXFileReference; lastKnownFileType = "wrapper.pb-project"; name = Domain.xcodeproj; path = ../Domain/Domain.xcodeproj; sourceTree = "<group>"; };
		CE0959772A7021A000003F21 /* Poppins-Bold.ttf */ = {isa = PBXFileReference; lastKnownFileType = file; path = "Poppins-Bold.ttf"; sourceTree = "<group>"; };
		CE0959792A7021AA00003F21 /* Poppins-Regular.ttf */ = {isa = PBXFileReference; lastKnownFileType = file; path = "Poppins-Regular.ttf"; sourceTree = "<group>"; };
		CE15716E2A8F9007008413A5 /* Tasks.xcodeproj */ = {isa = PBXFileReference; lastKnownFileType = "wrapper.pb-project"; name = Tasks.xcodeproj; path = Tasks/Tasks.xcodeproj; sourceTree = SOURCE_ROOT; };
		CE2857AB2A80F8A9006C8009 /* Profile.xcodeproj */ = {isa = PBXFileReference; lastKnownFileType = "wrapper.pb-project"; name = Profile.xcodeproj; path = Profile/Profile.xcodeproj; sourceTree = SOURCE_ROOT; };
		CE5B9C152A707F94009EAD12 /* Roboto-Regular.ttf */ = {isa = PBXFileReference; lastKnownFileType = file; path = "Roboto-Regular.ttf"; sourceTree = "<group>"; };
		CE8516F52A7BE0F100CA9300 /* Poppins-SemiBold.ttf */ = {isa = PBXFileReference; lastKnownFileType = file; path = "Poppins-SemiBold.ttf"; sourceTree = "<group>"; };
		CE9FCDE22A83A0BE002F42D8 /* TabBarController.swift */ = {isa = PBXFileReference; lastKnownFileType = sourcecode.swift; name = TabBarController.swift; path = ../Login/Login/TabBarController.swift; sourceTree = "<group>"; };
		CED220892AE002F400579D64 /* Notify.framework */ = {isa = PBXFileReference; explicitFileType = wrapper.framework; path = Notify.framework; sourceTree = BUILT_PRODUCTS_DIR; };
		CED220A02AE003DF00579D64 /* Notify.xcodeproj */ = {isa = PBXFileReference; lastKnownFileType = "wrapper.pb-project"; name = Notify.xcodeproj; path = Notify/Notify.xcodeproj; sourceTree = SOURCE_ROOT; };
		CED4CE9A2AA7151800F19EDC /* Color.xcodeproj */ = {isa = PBXFileReference; lastKnownFileType = "wrapper.pb-project"; name = Color.xcodeproj; path = Color/Color.xcodeproj; sourceTree = SOURCE_ROOT; };
		CED4CEC12AA7182200F19EDC /* Font.xcodeproj */ = {isa = PBXFileReference; lastKnownFileType = "wrapper.pb-project"; name = Font.xcodeproj; path = Font/Font.xcodeproj; sourceTree = SOURCE_ROOT; };
		CEE45BFC2A78079E003A253C /* Boards.xcodeproj */ = {isa = PBXFileReference; lastKnownFileType = "wrapper.pb-project"; name = Boards.xcodeproj; path = Boards/Boards.xcodeproj; sourceTree = SOURCE_ROOT; };
/* End PBXFileReference section */

/* Begin PBXFrameworksBuildPhase section */
		8675817E2943A5820037266C /* Frameworks */ = {
			isa = PBXFrameworksBuildPhase;
			buildActionMask = 2147483647;
			files = (
				CE0959A12A70585E00003F21 /* Networking.framework in Frameworks */,
				CE8B79072AA8781B009D43C5 /* Alamofire in Frameworks */,
				CEAD3DF22A7016B100DFB8E3 /* Login.framework in Frameworks */,
				CEE45C042A7906A9003A253C /* Boards.framework in Frameworks */,
				CE8B79042AA877E6009D43C5 /* SnapKit in Frameworks */,
				CEC00C3E2AAA1E8A0088867F /* Tasks.framework in Frameworks */,
				CE2857B82A80F9FD006C8009 /* Profile.framework in Frameworks */,
				CED220A82AE003FE00579D64 /* Notify.framework in Frameworks */,
				CE8B78F92AA877A7009D43C5 /* Color.framework in Frameworks */,
				CE89E87D2A7940FD00C610CD /* Boards.framework in Frameworks */,
			);
			runOnlyForDeploymentPostprocessing = 0;
		};
/* End PBXFrameworksBuildPhase section */

/* Begin PBXGroup section */
		86416F032943BF4200958825 /* Products */ = {
			isa = PBXGroup;
			children = (
				86416F072943BF4200958825 /* Domain.framework */,
			);
			name = Products;
			sourceTree = "<group>";
		};
		867581782943A5820037266C = {
			isa = PBXGroup;
			children = (
				867581832943A5820037266C /* Full Time */,
				867581822943A5820037266C /* Products */,
				867581E32943A92D0037266C /* Frameworks */,
			);
			sourceTree = "<group>";
		};
		867581822943A5820037266C /* Products */ = {
			isa = PBXGroup;
			children = (
				867581812943A5820037266C /* Full Time.app */,
			);
			name = Products;
			sourceTree = "<group>";
		};
		867581832943A5820037266C /* Full Time */ = {
			isa = PBXGroup;
			children = (
				CED220A02AE003DF00579D64 /* Notify.xcodeproj */,
				CED4CEC12AA7182200F19EDC /* Font.xcodeproj */,
				CED4CE9A2AA7151800F19EDC /* Color.xcodeproj */,
				CE15716E2A8F9007008413A5 /* Tasks.xcodeproj */,
				CE2857AB2A80F8A9006C8009 /* Profile.xcodeproj */,
				CEE45BFC2A78079E003A253C /* Boards.xcodeproj */,
				867582012943AC6F0037266C /* Login.xcodeproj */,
				8675823A2943B3480037266C /* Domain.xcodeproj */,
				867581DB2943A8D00037266C /* Networking.xcodeproj */,
				867581842943A5820037266C /* AppDelegate.swift */,
				867581882943A5820037266C /* ViewController.swift */,
				CE9FCDE22A83A0BE002F42D8 /* TabBarController.swift */,
				8675818D2943A5830037266C /* Assets.xcassets */,
				867581922943A5830037266C /* Info.plist */,
				CE0959732A70217D00003F21 /* Fonts */,
			);
			path = "Full Time";
			sourceTree = "<group>";
		};
		867581DC2943A8D00037266C /* Products */ = {
			isa = PBXGroup;
			children = (
				867581E02943A8D00037266C /* Networking.framework */,
			);
			name = Products;
			sourceTree = "<group>";
		};
		867581E32943A92D0037266C /* Frameworks */ = {
			isa = PBXGroup;
			children = (
				CED220892AE002F400579D64 /* Notify.framework */,
			);
			name = Frameworks;
			sourceTree = "<group>";
		};
		867582022943AC6F0037266C /* Products */ = {
			isa = PBXGroup;
			children = (
				867582062943AC700037266C /* Login.framework */,
			);
			name = Products;
			sourceTree = "<group>";
		};
		CE0959732A70217D00003F21 /* Fonts */ = {
			isa = PBXGroup;
			children = (
				CE8516F52A7BE0F100CA9300 /* Poppins-SemiBold.ttf */,
				CE5B9C152A707F94009EAD12 /* Roboto-Regular.ttf */,
				CE0959792A7021AA00003F21 /* Poppins-Regular.ttf */,
				CE0959772A7021A000003F21 /* Poppins-Bold.ttf */,
			);
			path = Fonts;
			sourceTree = "<group>";
		};
		CE15716F2A8F9007008413A5 /* Products */ = {
			isa = PBXGroup;
			children = (
				CE1571782A8F9007008413A5 /* Tasks.framework */,
			);
			name = Products;
			sourceTree = "<group>";
		};
		CE2857AC2A80F8A9006C8009 /* Products */ = {
			isa = PBXGroup;
			children = (
				CE2857B02A80F8A9006C8009 /* Profile.framework */,
			);
			name = Products;
			sourceTree = "<group>";
		};
		CED220A12AE003DF00579D64 /* Products */ = {
			isa = PBXGroup;
			children = (
				CED220A52AE003DF00579D64 /* Notify.framework */,
			);
			name = Products;
			sourceTree = "<group>";
		};
		CED4CE9B2AA7151800F19EDC /* Products */ = {
			isa = PBXGroup;
			children = (
				CED4CE9F2AA7151800F19EDC /* Color.framework */,
			);
			name = Products;
			sourceTree = "<group>";
		};
		CED4CEC22AA7182200F19EDC /* Products */ = {
			isa = PBXGroup;
			children = (
				CED4CEC62AA7182200F19EDC /* Font.framework */,
			);
			name = Products;
			sourceTree = "<group>";
		};
		CEE45BFD2A78079E003A253C /* Products */ = {
			isa = PBXGroup;
			children = (
				CEE45C012A78079E003A253C /* Boards.framework */,
			);
			name = Products;
			sourceTree = "<group>";
		};
/* End PBXGroup section */

/* Begin PBXNativeTarget section */
		867581802943A5820037266C /* Full Time */ = {
			isa = PBXNativeTarget;
			buildConfigurationList = 867581952943A5830037266C /* Build configuration list for PBXNativeTarget "Full Time" */;
			buildPhases = (
				8675817D2943A5820037266C /* Sources */,
				8675817E2943A5820037266C /* Frameworks */,
				8675817F2943A5820037266C /* Resources */,
				CEAD3DF42A7016B100DFB8E3 /* Embed Frameworks */,
			);
			buildRules = (
			);
			dependencies = (
			);
			name = "Full Time";
			packageProductDependencies = (
				CE8B79032AA877E6009D43C5 /* SnapKit */,
				CE8B79062AA8781B009D43C5 /* Alamofire */,
			);
			productName = "Full Time";
			productReference = 867581812943A5820037266C /* Full Time.app */;
			productType = "com.apple.product-type.application";
		};
/* End PBXNativeTarget section */

/* Begin PBXProject section */
		867581792943A5820037266C /* Project object */ = {
			isa = PBXProject;
			attributes = {
				BuildIndependentTargetsInParallel = 1;
				LastSwiftUpdateCheck = 1400;
				LastUpgradeCheck = 1500;
				TargetAttributes = {
					867581802943A5820037266C = {
						CreatedOnToolsVersion = 14.0;
					};
				};
			};
			buildConfigurationList = 8675817C2943A5820037266C /* Build configuration list for PBXProject "Full Time" */;
			compatibilityVersion = "Xcode 14.0";
			developmentRegion = en;
			hasScannedForEncodings = 0;
			knownRegions = (
				en,
				Base,
			);
			mainGroup = 867581782943A5820037266C;
			packageReferences = (
				CE8B79022AA877E6009D43C5 /* XCRemoteSwiftPackageReference "SnapKit" */,
				CE8B79052AA8781B009D43C5 /* XCRemoteSwiftPackageReference "Alamofire" */,
			);
			productRefGroup = 867581822943A5820037266C /* Products */;
			projectDirPath = "";
			projectReferences = (
				{
					ProductGroup = CEE45BFD2A78079E003A253C /* Products */;
					ProjectRef = CEE45BFC2A78079E003A253C /* Boards.xcodeproj */;
				},
				{
					ProductGroup = CED4CE9B2AA7151800F19EDC /* Products */;
					ProjectRef = CED4CE9A2AA7151800F19EDC /* Color.xcodeproj */;
				},
				{
					ProductGroup = 86416F032943BF4200958825 /* Products */;
					ProjectRef = 8675823A2943B3480037266C /* Domain.xcodeproj */;
				},
				{
					ProductGroup = CED4CEC22AA7182200F19EDC /* Products */;
					ProjectRef = CED4CEC12AA7182200F19EDC /* Font.xcodeproj */;
				},
				{
					ProductGroup = 867582022943AC6F0037266C /* Products */;
					ProjectRef = 867582012943AC6F0037266C /* Login.xcodeproj */;
				},
				{
					ProductGroup = 867581DC2943A8D00037266C /* Products */;
					ProjectRef = 867581DB2943A8D00037266C /* Networking.xcodeproj */;
				},
				{
					ProductGroup = CED220A12AE003DF00579D64 /* Products */;
					ProjectRef = CED220A02AE003DF00579D64 /* Notify.xcodeproj */;
				},
				{
					ProductGroup = CE2857AC2A80F8A9006C8009 /* Products */;
					ProjectRef = CE2857AB2A80F8A9006C8009 /* Profile.xcodeproj */;
				},
				{
					ProductGroup = CE15716F2A8F9007008413A5 /* Products */;
					ProjectRef = CE15716E2A8F9007008413A5 /* Tasks.xcodeproj */;
				},
			);
			projectRoot = "";
			targets = (
				867581802943A5820037266C /* Full Time */,
			);
		};
/* End PBXProject section */

/* Begin PBXReferenceProxy section */
		86416F072943BF4200958825 /* Domain.framework */ = {
			isa = PBXReferenceProxy;
			fileType = wrapper.framework;
			path = Domain.framework;
			remoteRef = 86416F062943BF4200958825 /* PBXContainerItemProxy */;
			sourceTree = BUILT_PRODUCTS_DIR;
		};
		867581E02943A8D00037266C /* Networking.framework */ = {
			isa = PBXReferenceProxy;
			fileType = wrapper.framework;
			path = Networking.framework;
			remoteRef = 867581DF2943A8D00037266C /* PBXContainerItemProxy */;
			sourceTree = BUILT_PRODUCTS_DIR;
		};
		867582062943AC700037266C /* Login.framework */ = {
			isa = PBXReferenceProxy;
			fileType = wrapper.framework;
			path = Login.framework;
			remoteRef = 867582052943AC700037266C /* PBXContainerItemProxy */;
			sourceTree = BUILT_PRODUCTS_DIR;
		};
		CE1571782A8F9007008413A5 /* Tasks.framework */ = {
			isa = PBXReferenceProxy;
			fileType = wrapper.framework;
			path = Tasks.framework;
			remoteRef = CE1571772A8F9007008413A5 /* PBXContainerItemProxy */;
			sourceTree = BUILT_PRODUCTS_DIR;
		};
		CE2857B02A80F8A9006C8009 /* Profile.framework */ = {
			isa = PBXReferenceProxy;
			fileType = wrapper.framework;
			path = Profile.framework;
			remoteRef = CE2857AF2A80F8A9006C8009 /* PBXContainerItemProxy */;
			sourceTree = BUILT_PRODUCTS_DIR;
		};
		CED220A52AE003DF00579D64 /* Notify.framework */ = {
			isa = PBXReferenceProxy;
			fileType = wrapper.framework;
			path = Notify.framework;
			remoteRef = CED220A42AE003DF00579D64 /* PBXContainerItemProxy */;
			sourceTree = BUILT_PRODUCTS_DIR;
		};
		CED4CE9F2AA7151800F19EDC /* Color.framework */ = {
			isa = PBXReferenceProxy;
			fileType = wrapper.framework;
			path = Color.framework;
			remoteRef = CED4CE9E2AA7151800F19EDC /* PBXContainerItemProxy */;
			sourceTree = BUILT_PRODUCTS_DIR;
		};
		CED4CEC62AA7182200F19EDC /* Font.framework */ = {
			isa = PBXReferenceProxy;
			fileType = wrapper.framework;
			path = Font.framework;
			remoteRef = CED4CEC52AA7182200F19EDC /* PBXContainerItemProxy */;
			sourceTree = BUILT_PRODUCTS_DIR;
		};
		CEE45C012A78079E003A253C /* Boards.framework */ = {
			isa = PBXReferenceProxy;
			fileType = wrapper.framework;
			path = Boards.framework;
			remoteRef = CEE45C002A78079E003A253C /* PBXContainerItemProxy */;
			sourceTree = BUILT_PRODUCTS_DIR;
		};
/* End PBXReferenceProxy section */

/* Begin PBXResourcesBuildPhase section */
		8675817F2943A5820037266C /* Resources */ = {
			isa = PBXResourcesBuildPhase;
			buildActionMask = 2147483647;
			files = (
				CE0959782A7021A000003F21 /* Poppins-Bold.ttf in Resources */,
				CE5B9C192A707F94009EAD12 /* Roboto-Regular.ttf in Resources */,
				CE8516FA2A7BE0F200CA9300 /* Poppins-SemiBold.ttf in Resources */,
				8675818E2943A5830037266C /* Assets.xcassets in Resources */,
				CE09597A2A7021AA00003F21 /* Poppins-Regular.ttf in Resources */,
			);
			runOnlyForDeploymentPostprocessing = 0;
		};
/* End PBXResourcesBuildPhase section */

/* Begin PBXSourcesBuildPhase section */
		8675817D2943A5820037266C /* Sources */ = {
			isa = PBXSourcesBuildPhase;
			buildActionMask = 2147483647;
			files = (
				CE9FCDE32A83A0BE002F42D8 /* TabBarController.swift in Sources */,
				867581892943A5820037266C /* ViewController.swift in Sources */,
				867581852943A5820037266C /* AppDelegate.swift in Sources */,
			);
			runOnlyForDeploymentPostprocessing = 0;
		};
/* End PBXSourcesBuildPhase section */

/* Begin XCBuildConfiguration section */
		867581932943A5830037266C /* Debug */ = {
			isa = XCBuildConfiguration;
			buildSettings = {
				ALWAYS_SEARCH_USER_PATHS = NO;
				CLANG_ANALYZER_NONNULL = YES;
				CLANG_ANALYZER_NUMBER_OBJECT_CONVERSION = YES_AGGRESSIVE;
				CLANG_CXX_LANGUAGE_STANDARD = "gnu++20";
				CLANG_ENABLE_MODULES = YES;
				CLANG_ENABLE_OBJC_ARC = YES;
				CLANG_ENABLE_OBJC_WEAK = YES;
				CLANG_WARN_BLOCK_CAPTURE_AUTORELEASING = YES;
				CLANG_WARN_BOOL_CONVERSION = YES;
				CLANG_WARN_COMMA = YES;
				CLANG_WARN_CONSTANT_CONVERSION = YES;
				CLANG_WARN_DEPRECATED_OBJC_IMPLEMENTATIONS = YES;
				CLANG_WARN_DIRECT_OBJC_ISA_USAGE = YES_ERROR;
				CLANG_WARN_DOCUMENTATION_COMMENTS = YES;
				CLANG_WARN_EMPTY_BODY = YES;
				CLANG_WARN_ENUM_CONVERSION = YES;
				CLANG_WARN_INFINITE_RECURSION = YES;
				CLANG_WARN_INT_CONVERSION = YES;
				CLANG_WARN_NON_LITERAL_NULL_CONVERSION = YES;
				CLANG_WARN_OBJC_IMPLICIT_RETAIN_SELF = YES;
				CLANG_WARN_OBJC_LITERAL_CONVERSION = YES;
				CLANG_WARN_OBJC_ROOT_CLASS = YES_ERROR;
				CLANG_WARN_QUOTED_INCLUDE_IN_FRAMEWORK_HEADER = YES;
				CLANG_WARN_RANGE_LOOP_ANALYSIS = YES;
				CLANG_WARN_STRICT_PROTOTYPES = YES;
				CLANG_WARN_SUSPICIOUS_MOVE = YES;
				CLANG_WARN_UNGUARDED_AVAILABILITY = YES_AGGRESSIVE;
				CLANG_WARN_UNREACHABLE_CODE = YES;
				CLANG_WARN__DUPLICATE_METHOD_MATCH = YES;
				COPY_PHASE_STRIP = NO;
				DEBUG_INFORMATION_FORMAT = dwarf;
				ENABLE_STRICT_OBJC_MSGSEND = YES;
				ENABLE_TESTABILITY = YES;
				GCC_C_LANGUAGE_STANDARD = gnu11;
				GCC_DYNAMIC_NO_PIC = NO;
				GCC_NO_COMMON_BLOCKS = YES;
				GCC_OPTIMIZATION_LEVEL = 0;
				GCC_PREPROCESSOR_DEFINITIONS = (
					"DEBUG=1",
					"$(inherited)",
				);
				GCC_WARN_64_TO_32_BIT_CONVERSION = YES;
				GCC_WARN_ABOUT_RETURN_TYPE = YES_ERROR;
				GCC_WARN_UNDECLARED_SELECTOR = YES;
				GCC_WARN_UNINITIALIZED_AUTOS = YES_AGGRESSIVE;
				GCC_WARN_UNUSED_FUNCTION = YES;
				GCC_WARN_UNUSED_VARIABLE = YES;
				IPHONEOS_DEPLOYMENT_TARGET = 13.0;
				MTL_ENABLE_DEBUG_INFO = INCLUDE_SOURCE;
				MTL_FAST_MATH = YES;
				ONLY_ACTIVE_ARCH = YES;
				SDKROOT = iphoneos;
				SWIFT_ACTIVE_COMPILATION_CONDITIONS = DEBUG;
				SWIFT_OPTIMIZATION_LEVEL = "-Onone";
			};
			name = Debug;
		};
		867581942943A5830037266C /* Release */ = {
			isa = XCBuildConfiguration;
			buildSettings = {
				ALWAYS_SEARCH_USER_PATHS = NO;
				CLANG_ANALYZER_NONNULL = YES;
				CLANG_ANALYZER_NUMBER_OBJECT_CONVERSION = YES_AGGRESSIVE;
				CLANG_CXX_LANGUAGE_STANDARD = "gnu++20";
				CLANG_ENABLE_MODULES = YES;
				CLANG_ENABLE_OBJC_ARC = YES;
				CLANG_ENABLE_OBJC_WEAK = YES;
				CLANG_WARN_BLOCK_CAPTURE_AUTORELEASING = YES;
				CLANG_WARN_BOOL_CONVERSION = YES;
				CLANG_WARN_COMMA = YES;
				CLANG_WARN_CONSTANT_CONVERSION = YES;
				CLANG_WARN_DEPRECATED_OBJC_IMPLEMENTATIONS = YES;
				CLANG_WARN_DIRECT_OBJC_ISA_USAGE = YES_ERROR;
				CLANG_WARN_DOCUMENTATION_COMMENTS = YES;
				CLANG_WARN_EMPTY_BODY = YES;
				CLANG_WARN_ENUM_CONVERSION = YES;
				CLANG_WARN_INFINITE_RECURSION = YES;
				CLANG_WARN_INT_CONVERSION = YES;
				CLANG_WARN_NON_LITERAL_NULL_CONVERSION = YES;
				CLANG_WARN_OBJC_IMPLICIT_RETAIN_SELF = YES;
				CLANG_WARN_OBJC_LITERAL_CONVERSION = YES;
				CLANG_WARN_OBJC_ROOT_CLASS = YES_ERROR;
				CLANG_WARN_QUOTED_INCLUDE_IN_FRAMEWORK_HEADER = YES;
				CLANG_WARN_RANGE_LOOP_ANALYSIS = YES;
				CLANG_WARN_STRICT_PROTOTYPES = YES;
				CLANG_WARN_SUSPICIOUS_MOVE = YES;
				CLANG_WARN_UNGUARDED_AVAILABILITY = YES_AGGRESSIVE;
				CLANG_WARN_UNREACHABLE_CODE = YES;
				CLANG_WARN__DUPLICATE_METHOD_MATCH = YES;
				COPY_PHASE_STRIP = NO;
				DEBUG_INFORMATION_FORMAT = "dwarf-with-dsym";
				ENABLE_NS_ASSERTIONS = NO;
				ENABLE_STRICT_OBJC_MSGSEND = YES;
				GCC_C_LANGUAGE_STANDARD = gnu11;
				GCC_NO_COMMON_BLOCKS = YES;
				GCC_WARN_64_TO_32_BIT_CONVERSION = YES;
				GCC_WARN_ABOUT_RETURN_TYPE = YES_ERROR;
				GCC_WARN_UNDECLARED_SELECTOR = YES;
				GCC_WARN_UNINITIALIZED_AUTOS = YES_AGGRESSIVE;
				GCC_WARN_UNUSED_FUNCTION = YES;
				GCC_WARN_UNUSED_VARIABLE = YES;
				IPHONEOS_DEPLOYMENT_TARGET = 13.0;
				MTL_ENABLE_DEBUG_INFO = NO;
				MTL_FAST_MATH = YES;
				SDKROOT = iphoneos;
				SWIFT_COMPILATION_MODE = wholemodule;
				SWIFT_OPTIMIZATION_LEVEL = "-O";
				VALIDATE_PRODUCT = YES;
			};
			name = Release;
		};
		867581962943A5830037266C /* Debug */ = {
			isa = XCBuildConfiguration;
			buildSettings = {
				ASSETCATALOG_COMPILER_APPICON_NAME = AppIcon;
				ASSETCATALOG_COMPILER_GLOBAL_ACCENT_COLOR_NAME = AccentColor;
				CODE_SIGN_STYLE = Automatic;
				CURRENT_PROJECT_VERSION = 1;
				DEVELOPMENT_TEAM = 3SD575YYYY;
				GENERATE_INFOPLIST_FILE = YES;
				INFOPLIST_FILE = "Full Time/Info.plist";
				INFOPLIST_KEY_UIApplicationSupportsIndirectInputEvents = YES;
				INFOPLIST_KEY_UILaunchStoryboardName = LaunchScreen;
				INFOPLIST_KEY_UIStatusBarStyle = UIStatusBarStyleLightContent;
				INFOPLIST_KEY_UISupportedInterfaceOrientations = UIInterfaceOrientationPortrait;
				INFOPLIST_KEY_UISupportedInterfaceOrientations_iPad = "UIInterfaceOrientationLandscapeLeft UIInterfaceOrientationLandscapeRight UIInterfaceOrientationPortrait UIInterfaceOrientationPortraitUpsideDown";
				IPHONEOS_DEPLOYMENT_TARGET = 13.0;
				LD_RUNPATH_SEARCH_PATHS = (
					"$(inherited)",
					"@executable_path/Frameworks",
				);
				MARKETING_VERSION = 1.0;
				PRODUCT_BUNDLE_IDENTIFIER = "vibelab.Full-Time";
				PRODUCT_NAME = "$(TARGET_NAME)";
				SUPPORTED_PLATFORMS = "iphoneos iphonesimulator";
				SUPPORTS_MACCATALYST = NO;
				SUPPORTS_MAC_DESIGNED_FOR_IPHONE_IPAD = NO;
				SWIFT_EMIT_LOC_STRINGS = YES;
				SWIFT_VERSION = 5.0;
				TARGETED_DEVICE_FAMILY = "1,2";
			};
			name = Debug;
		};
		867581972943A5830037266C /* Release */ = {
			isa = XCBuildConfiguration;
			buildSettings = {
				ASSETCATALOG_COMPILER_APPICON_NAME = AppIcon;
				ASSETCATALOG_COMPILER_GLOBAL_ACCENT_COLOR_NAME = AccentColor;
				CODE_SIGN_STYLE = Automatic;
				CURRENT_PROJECT_VERSION = 1;
				DEVELOPMENT_TEAM = 3SD575YYYY;
				GENERATE_INFOPLIST_FILE = YES;
				INFOPLIST_FILE = "Full Time/Info.plist";
				INFOPLIST_KEY_UIApplicationSupportsIndirectInputEvents = YES;
				INFOPLIST_KEY_UILaunchStoryboardName = LaunchScreen;
				INFOPLIST_KEY_UIStatusBarStyle = UIStatusBarStyleLightContent;
				INFOPLIST_KEY_UISupportedInterfaceOrientations = UIInterfaceOrientationPortrait;
				INFOPLIST_KEY_UISupportedInterfaceOrientations_iPad = "UIInterfaceOrientationLandscapeLeft UIInterfaceOrientationLandscapeRight UIInterfaceOrientationPortrait UIInterfaceOrientationPortraitUpsideDown";
				IPHONEOS_DEPLOYMENT_TARGET = 13.0;
				LD_RUNPATH_SEARCH_PATHS = (
					"$(inherited)",
					"@executable_path/Frameworks",
				);
				MARKETING_VERSION = 1.0;
				PRODUCT_BUNDLE_IDENTIFIER = "vibelab.Full-Time";
				PRODUCT_NAME = "$(TARGET_NAME)";
				SUPPORTED_PLATFORMS = "iphoneos iphonesimulator";
				SUPPORTS_MACCATALYST = NO;
				SUPPORTS_MAC_DESIGNED_FOR_IPHONE_IPAD = NO;
				SWIFT_EMIT_LOC_STRINGS = YES;
				SWIFT_VERSION = 5.0;
				TARGETED_DEVICE_FAMILY = "1,2";
			};
			name = Release;
		};
/* End XCBuildConfiguration section */

/* Begin XCConfigurationList section */
		8675817C2943A5820037266C /* Build configuration list for PBXProject "Full Time" */ = {
			isa = XCConfigurationList;
			buildConfigurations = (
				867581932943A5830037266C /* Debug */,
				867581942943A5830037266C /* Release */,
			);
			defaultConfigurationIsVisible = 0;
			defaultConfigurationName = Release;
		};
		867581952943A5830037266C /* Build configuration list for PBXNativeTarget "Full Time" */ = {
			isa = XCConfigurationList;
			buildConfigurations = (
				867581962943A5830037266C /* Debug */,
				867581972943A5830037266C /* Release */,
			);
			defaultConfigurationIsVisible = 0;
			defaultConfigurationName = Release;
		};
/* End XCConfigurationList section */

/* Begin XCRemoteSwiftPackageReference section */
		CE8B79022AA877E6009D43C5 /* XCRemoteSwiftPackageReference "SnapKit" */ = {
			isa = XCRemoteSwiftPackageReference;
			repositoryURL = "https://github.com/SnapKit/SnapKit.git";
			requirement = {
				kind = upToNextMinorVersion;
				minimumVersion = 5.6.0;
			};
		};
		CE8B79052AA8781B009D43C5 /* XCRemoteSwiftPackageReference "Alamofire" */ = {
			isa = XCRemoteSwiftPackageReference;
			repositoryURL = "https://github.com/Alamofire/Alamofire.git";
			requirement = {
				kind = upToNextMinorVersion;
				minimumVersion = 5.8.0;
			};
		};
/* End XCRemoteSwiftPackageReference section */

/* Begin XCSwiftPackageProductDependency section */
		CE8B79032AA877E6009D43C5 /* SnapKit */ = {
			isa = XCSwiftPackageProductDependency;
			package = CE8B79022AA877E6009D43C5 /* XCRemoteSwiftPackageReference "SnapKit" */;
			productName = SnapKit;
		};
		CE8B79062AA8781B009D43C5 /* Alamofire */ = {
			isa = XCSwiftPackageProductDependency;
			package = CE8B79052AA8781B009D43C5 /* XCRemoteSwiftPackageReference "Alamofire" */;
			productName = Alamofire;
		};
/* End XCSwiftPackageProductDependency section */
	};
	rootObject = 867581792943A5820037266C /* Project object */;
}
